
Microsoft Visual Studio Solution File, Format Version 12.00
# Visual Studio Version 16
VisualStudioVersion = 16.0.32002.261
MinimumVisualStudioVersion = 10.0.40219.1
Project("{FAE04EC0-301F-11D3-BF4B-00C04F79EFBC}") = "Mission3", "Mission3\Mission3.csproj", "{D9705654-4CA3-464C-AA97-9938338EC6C6}"
EndProject
Global
	GlobalSection(SolutionConfigurationPlatforms) = preSolution
		Debug|Any CPU = Debug|Any CPU
		Release|Any CPU = Release|Any CPU
	EndGlobalSection
	GlobalSection(ProjectConfigurationPlatforms) = postSolution
		{D9705654-4CA3-464C-AA97-9938338EC6C6}.Debug|Any CPU.ActiveCfg = Debug|Any CPU
		{D9705654-4CA3-464C-AA97-9938338EC6C6}.Debug|Any CPU.Build.0 = Debug|Any CPU
		{D9705654-4CA3-464C-AA97-9938338EC6C6}.Release|Any CPU.ActiveCfg = Release|Any CPU
		{D9705654-4CA3-464C-AA97-9938338EC6C6}.Release|Any CPU.Build.0 = Release|Any CPU
	EndGlobalSection
	GlobalSection(SolutionProperties) = preSolution
		HideSolutionNode = FALSE
	EndGlobalSection
	GlobalSection(ExtensibilityGlobals) = postSolution
		SolutionGuid = {C877E9CD-419E-46C5-8FB0-C062D6FC5B2B}
	EndGlobalSection
EndGlobal
